// !$*UTF8*$!
{
	archiveVersion = 1;
	classes = {
	};
	objectVersion = 56;
	objects = {

/* Begin PBXBuildFile section */
		A1000001 /* MacOSSyncClientApp.swift in Sources */ = {isa = PBXBuildFile; fileRef = A1000000 /* MacOSSyncClientApp.swift */; };
		A1000003 /* ContentView.swift in Sources */ = {isa = PBXBuildFile; fileRef = A1000002 /* ContentView.swift */; };
		A1000005 /* Assets.xcassets in Resources */ = {isa = PBXBuildFile; fileRef = A1000004 /* Assets.xcassets */; };
		A1000008 /* Preview Assets.xcassets in Resources */ = {isa = PBXBuildFile; fileRef = A1000007 /* Preview Assets.xcassets */; };
		A1000010 /* SyncItem.swift in Sources */ = {isa = PBXBuildFile; fileRef = A100000F /* SyncItem.swift */; };
		A1000012 /* SyncConfiguration.swift in Sources */ = {isa = PBXBuildFile; fileRef = A1000011 /* SyncConfiguration.swift */; };
		A1000014 /* SyncEngineProtocol.swift in Sources */ = {isa = PBXBuildFile; fileRef = A1000013 /* SyncEngineProtocol.swift */; };
		A1000016 /* LocalDBService.swift in Sources */ = {isa = PBXBuildFile; fileRef = A1000015 /* LocalDBService.swift */; };
		A1000018 /* OfflineCache.swift in Sources */ = {isa = PBXBuildFile; fileRef = A1000017 /* OfflineCache.swift */; };
		A1000054 /* AccountModels.swift in Sources */ = {isa = PBXBuildFile; fileRef = A1000019 /* AccountModels.swift */; };
		A1000055 /* BandwidthModels.swift in Sources */ = {isa = PBXBuildFile; fileRef = A100001A /* BandwidthModels.swift */; };
		A1000056 /* CloudModels.swift in Sources */ = {isa = PBXBuildFile; fileRef = A100001B /* CloudModels.swift */; };
		A1000057 /* ConflictModels.swift in Sources */ = {isa = PBXBuildFile; fileRef = A100001C /* ConflictModels.swift */; };
		A1000058 /* DiagnosticModels.swift in Sources */ = {isa = PBXBuildFile; fileRef = A100001D /* DiagnosticModels.swift */; };
		A1000059 /* ErrorRecoveryModels.swift in Sources */ = {isa = PBXBuildFile; fileRef = A100001E /* ErrorRecoveryModels.swift */; };
		A100005A /* FileEvent.swift in Sources */ = {isa = PBXBuildFile; fileRef = A100001F /* FileEvent.swift */; };
		A100005B /* P2PTransfer.swift in Sources */ = {isa = PBXBuildFile; fileRef = A1000020 /* P2PTransfer.swift */; };
		A100005C /* SelectiveSyncModels.swift in Sources */ = {isa = PBXBuildFile; fileRef = A1000021 /* SelectiveSyncModels.swift */; };
		A100005D /* StatusModels.swift in Sources */ = {isa = PBXBuildFile; fileRef = A1000022 /* StatusModels.swift */; };
		A100005E /* TransferModels.swift in Sources */ = {isa = PBXBuildFile; fileRef = A1000023 /* TransferModels.swift */; };
		A100005F /* AccountManagerProtocol.swift in Sources */ = {isa = PBXBuildFile; fileRef = A1000024 /* AccountManagerProtocol.swift */; };
		A1000060 /* BandwidthManagerProtocol.swift in Sources */ = {isa = PBXBuildFile; fileRef = A1000025 /* BandwidthManagerProtocol.swift */; };
		A1000061 /* CloudAPIServiceProtocol.swift in Sources */ = {isa = PBXBuildFile; fileRef = A1000026 /* CloudAPIServiceProtocol.swift */; };
		A1000062 /* ConflictResolverProtocol.swift in Sources */ = {isa = PBXBuildFile; fileRef = A1000027 /* ConflictResolverProtocol.swift */; };
		A1000063 /* EncryptionServiceProtocol.swift in Sources */ = {isa = PBXBuildFile; fileRef = A1000028 /* EncryptionServiceProtocol.swift */; };
		A1000064 /* ErrorRecoveryManagerProtocol.swift in Sources */ = {isa = PBXBuildFile; fileRef = A1000029 /* ErrorRecoveryManagerProtocol.swift */; };
		A1000065 /* FileMonitorProtocol.swift in Sources */ = {isa = PBXBuildFile; fileRef = A100002A /* FileMonitorProtocol.swift */; };
		A1000066 /* FileSystemServiceProtocol.swift in Sources */ = {isa = PBXBuildFile; fileRef = A100002B /* FileSystemServiceProtocol.swift */; };
		A1000067 /* NotificationServiceProtocol.swift in Sources */ = {isa = PBXBuildFile; fileRef = A100002C /* NotificationServiceProtocol.swift */; };
		A1000068 /* OfflineManagerProtocol.swift in Sources */ = {isa = PBXBuildFile; fileRef = A100002D /* OfflineManagerProtocol.swift */; };
		A1000069 /* P2PTransferServiceProtocol.swift in Sources */ = {isa = PBXBuildFile; fileRef = A100002E /* P2PTransferServiceProtocol.swift */; };
		A100006A /* SelectiveSyncProtocol.swift in Sources */ = {isa = PBXBuildFile; fileRef = A100002F /* SelectiveSyncProtocol.swift */; };
		A100006B /* SpotlightServiceProtocol.swift in Sources */ = {isa = PBXBuildFile; fileRef = A1000030 /* SpotlightServiceProtocol.swift */; };
		A100006C /* StatusManagerProtocol.swift in Sources */ = {isa = PBXBuildFile; fileRef = A1000031 /* StatusManagerProtocol.swift */; };
		A100006D /* AccountManager.swift in Sources */ = {isa = PBXBuildFile; fileRef = A1000032 /* AccountManager.swift */; };
		A100006E /* BandwidthManager.swift in Sources */ = {isa = PBXBuildFile; fileRef = A1000033 /* BandwidthManager.swift */; };
		A100006F /* CloudAPIService.swift in Sources */ = {isa = PBXBuildFile; fileRef = A1000034 /* CloudAPIService.swift */; };
		A1000070 /* ConflictResolutionManager.swift in Sources */ = {isa = PBXBuildFile; fileRef = A1000035 /* ConflictResolutionManager.swift */; };
		A1000071 /* ConflictResolver.swift in Sources */ = {isa = PBXBuildFile; fileRef = A1000036 /* ConflictResolver.swift */; };
		A1000072 /* DiagnosticService.swift in Sources */ = {isa = PBXBuildFile; fileRef = A1000037 /* DiagnosticService.swift */; };
		A1000073 /* EncryptionService.swift in Sources */ = {isa = PBXBuildFile; fileRef = A1000038 /* EncryptionService.swift */; };
		A1000074 /* EnterprisePolicyEngine.swift in Sources */ = {isa = PBXBuildFile; fileRef = A1000039 /* EnterprisePolicyEngine.swift */; };
		A1000075 /* ErrorRecoveryManager.swift in Sources */ = {isa = PBXBuildFile; fileRef = A100003A /* ErrorRecoveryManager.swift */; };
		A1000076 /* FileMonitor.swift in Sources */ = {isa = PBXBuildFile; fileRef = A100003B /* FileMonitor.swift */; };
		A1000077 /* FileSystemService.swift in Sources */ = {isa = PBXBuildFile; fileRef = A100003C /* FileSystemService.swift */; };
		A1000078 /* FinderIntegrationService.swift in Sources */ = {isa = PBXBuildFile; fileRef = A100003D /* FinderIntegrationService.swift */; };
		A1000079 /* NotificationService.swift in Sources */ = {isa = PBXBuildFile; fileRef = A100003E /* NotificationService.swift */; };
		A100007A /* OfflineManager.swift in Sources */ = {isa = PBXBuildFile; fileRef = A100003F /* OfflineManager.swift */; };
		A100007B /* P2PTransferService.swift in Sources */ = {isa = PBXBuildFile; fileRef = A1000040 /* P2PTransferService.swift */; };
		A100007C /* QuickLookService.swift in Sources */ = {isa = PBXBuildFile; fileRef = A1000041 /* QuickLookService.swift */; };
		A100007D /* SelectiveSync.swift in Sources */ = {isa = PBXBuildFile; fileRef = A1000042 /* SelectiveSync.swift */; };
		A100007E /* SpotlightService.swift in Sources */ = {isa = PBXBuildFile; fileRef = A1000043 /* SpotlightService.swift */; };
		A100007F /* StatusManager.swift in Sources */ = {isa = PBXBuildFile; fileRef = A1000044 /* StatusManager.swift */; };
		A1000080 /* SyncClientIntegrator.swift in Sources */ = {isa = PBXBuildFile; fileRef = A1000045 /* SyncClientIntegrator.swift */; };
		A1000081 /* SyncEngine.swift in Sources */ = {isa = PBXBuildFile; fileRef = A1000046 /* SyncEngine.swift */; };
		A1000082 /* SystemIntegrationService.swift in Sources */ = {isa = PBXBuildFile; fileRef = A1000047 /* SystemIntegrationService.swift */; };
		A1000083 /* SystemTrayManager.swift in Sources */ = {isa = PBXBuildFile; fileRef = A1000048 /* SystemTrayManager.swift */; };
		A1000084 /* ActivityView.swift in Sources */ = {isa = PBXBuildFile; fileRef = A1000049 /* ActivityView.swift */; };
		A1000085 /* ConflictView.swift in Sources */ = {isa = PBXBuildFile; fileRef = A100004A /* ConflictView.swift */; };
		A1000086 /* FileDetailView.swift in Sources */ = {isa = PBXBuildFile; fileRef = A100004B /* FileDetailView.swift */; };
		A1000087 /* FileListView.swift in Sources */ = {isa = PBXBuildFile; fileRef = A100004C /* FileListView.swift */; };
		A1000088 /* MainWindow.swift in Sources */ = {isa = PBXBuildFile; fileRef = A100004D /* MainWindow.swift */; };
		A1000089 /* SelectiveSyncView.swift in Sources */ = {isa = PBXBuildFile; fileRef = A100004E /* SelectiveSyncView.swift */; };
		A100008A /* SelectiveSyncWindow.swift in Sources */ = {isa = PBXBuildFile; fileRef = A100004F /* SelectiveSyncWindow.swift */; };
		A100008B /* SettingsView.swift in Sources */ = {isa = PBXBuildFile; fileRef = A1000050 /* SettingsView.swift */; };
		A100008C /* SidebarView.swift in Sources */ = {isa = PBXBuildFile; fileRef = A1000051 /* SidebarView.swift */; };
		A100008D /* SyncStatusButton.swift in Sources */ = {isa = PBXBuildFile; fileRef = A1000052 /* SyncStatusButton.swift */; };
		A1000091 /* LoginView.swift in Sources */ = {isa = PBXBuildFile; fileRef = A1000090 /* LoginView.swift */; };
/* End PBXBuildFile section */

/* Begin PBXFileReference section */
		A0FFFFFF /* MacOSSyncClient.app */ = {isa = PBXFileReference; explicitFileType = wrapper.application; includeInIndex = 0; path = MacOSSyncClient.app; sourceTree = BUILT_PRODUCTS_DIR; };
		A1000000 /* MacOSSyncClientApp.swift */ = {isa = PBXFileReference; lastKnownFileType = sourcecode.swift; path = MacOSSyncClientApp.swift; sourceTree = "<group>"; };
		A1000002 /* ContentView.swift */ = {isa = PBXFileReference; lastKnownFileType = sourcecode.swift; path = ContentView.swift; sourceTree = "<group>"; };
		A1000004 /* Assets.xcassets */ = {isa = PBXFileReference; lastKnownFileType = folder.assetcatalog; path = Assets.xcassets; sourceTree = "<group>"; };
		A1000007 /* Preview Assets.xcassets */ = {isa = PBXFileReference; lastKnownFileType = folder.assetcatalog; path = "Preview Assets.xcassets"; sourceTree = "<group>"; };
		A1000009 /* MacOSSyncClient.entitlements */ = {isa = PBXFileReference; lastKnownFileType = text.plist.entitlements; path = MacOSSyncClient.entitlements; sourceTree = "<group>"; };
		A100000F /* SyncItem.swift */ = {isa = PBXFileReference; lastKnownFileType = sourcecode.swift; path = SyncItem.swift; sourceTree = "<group>"; };
		A1000011 /* SyncConfiguration.swift */ = {isa = PBXFileReference; lastKnownFileType = sourcecode.swift; path = SyncConfiguration.swift; sourceTree = "<group>"; };
		A1000013 /* SyncEngineProtocol.swift */ = {isa = PBXFileReference; lastKnownFileType = sourcecode.swift; path = SyncEngineProtocol.swift; sourceTree = "<group>"; };
		A1000015 /* LocalDBService.swift */ = {isa = PBXFileReference; lastKnownFileType = sourcecode.swift; path = LocalDBService.swift; sourceTree = "<group>"; };
		A1000017 /* OfflineCache.swift */ = {isa = PBXFileReference; lastKnownFileType = sourcecode.swift; path = OfflineCache.swift; sourceTree = "<group>"; };
		A1000019 /* AccountModels.swift */ = {isa = PBXFileReference; lastKnownFileType = sourcecode.swift; path = AccountModels.swift; sourceTree = "<group>"; };
		A100001A /* BandwidthModels.swift */ = {isa = PBXFileReference; lastKnownFileType = sourcecode.swift; path = BandwidthModels.swift; sourceTree = "<group>"; };
		A100001B /* CloudModels.swift */ = {isa = PBXFileReference; lastKnownFileType = sourcecode.swift; path = CloudModels.swift; sourceTree = "<group>"; };
		A100001C /* ConflictModels.swift */ = {isa = PBXFileReference; lastKnownFileType = sourcecode.swift; path = ConflictModels.swift; sourceTree = "<group>"; };
		A100001D /* DiagnosticModels.swift */ = {isa = PBXFileReference; lastKnownFileType = sourcecode.swift; path = DiagnosticModels.swift; sourceTree = "<group>"; };
		A100001E /* ErrorRecoveryModels.swift */ = {isa = PBXFileReference; lastKnownFileType = sourcecode.swift; path = ErrorRecoveryModels.swift; sourceTree = "<group>"; };
		A100001F /* FileEvent.swift */ = {isa = PBXFileReference; lastKnownFileType = sourcecode.swift; path = FileEvent.swift; sourceTree = "<group>"; };
		A1000020 /* P2PTransfer.swift */ = {isa = PBXFileReference; lastKnownFileType = sourcecode.swift; path = P2PTransfer.swift; sourceTree = "<group>"; };
		A1000021 /* SelectiveSyncModels.swift */ = {isa = PBXFileReference; lastKnownFileType = sourcecode.swift; path = SelectiveSyncModels.swift; sourceTree = "<group>"; };
		A1000022 /* StatusModels.swift */ = {isa = PBXFileReference; lastKnownFileType = sourcecode.swift; path = StatusModels.swift; sourceTree = "<group>"; };
		A1000023 /* TransferModels.swift */ = {isa = PBXFileReference; lastKnownFileType = sourcecode.swift; path = TransferModels.swift; sourceTree = "<group>"; };
		A1000024 /* AccountManagerProtocol.swift */ = {isa = PBXFileReference; lastKnownFileType = sourcecode.swift; path = AccountManagerProtocol.swift; sourceTree = "<group>"; };
		A1000025 /* BandwidthManagerProtocol.swift */ = {isa = PBXFileReference; lastKnownFileType = sourcecode.swift; path = BandwidthManagerProtocol.swift; sourceTree = "<group>"; };
		A1000026 /* CloudAPIServiceProtocol.swift */ = {isa = PBXFileReference; lastKnownFileType = sourcecode.swift; path = CloudAPIServiceProtocol.swift; sourceTree = "<group>"; };
		A1000027 /* ConflictResolverProtocol.swift */ = {isa = PBXFileReference; lastKnownFileType = sourcecode.swift; path = ConflictResolverProtocol.swift; sourceTree = "<group>"; };
		A1000028 /* EncryptionServiceProtocol.swift */ = {isa = PBXFileReference; lastKnownFileType = sourcecode.swift; path = EncryptionServiceProtocol.swift; sourceTree = "<group>"; };
		A1000029 /* ErrorRecoveryManagerProtocol.swift */ = {isa = PBXFileReference; lastKnownFileType = sourcecode.swift; path = ErrorRecoveryManagerProtocol.swift; sourceTree = "<group>"; };
		A100002A /* FileMonitorProtocol.swift */ = {isa = PBXFileReference; lastKnownFileType = sourcecode.swift; path = FileMonitorProtocol.swift; sourceTree = "<group>"; };
		A100002B /* FileSystemServiceProtocol.swift */ = {isa = PBXFileReference; lastKnownFileType = sourcecode.swift; path = FileSystemServiceProtocol.swift; sourceTree = "<group>"; };
		A100002C /* NotificationServiceProtocol.swift */ = {isa = PBXFileReference; lastKnownFileType = sourcecode.swift; path = NotificationServiceProtocol.swift; sourceTree = "<group>"; };
		A100002D /* OfflineManagerProtocol.swift */ = {isa = PBXFileReference; lastKnownFileType = sourcecode.swift; path = OfflineManagerProtocol.swift; sourceTree = "<group>"; };
		A100002E /* P2PTransferServiceProtocol.swift */ = {isa = PBXFileReference; lastKnownFileType = sourcecode.swift; path = P2PTransferServiceProtocol.swift; sourceTree = "<group>"; };
		A100002F /* SelectiveSyncProtocol.swift */ = {isa = PBXFileReference; lastKnownFileType = sourcecode.swift; path = SelectiveSyncProtocol.swift; sourceTree = "<group>"; };
		A1000030 /* SpotlightServiceProtocol.swift */ = {isa = PBXFileReference; lastKnownFileType = sourcecode.swift; path = SpotlightServiceProtocol.swift; sourceTree = "<group>"; };
		A1000031 /* StatusManagerProtocol.swift */ = {isa = PBXFileReference; lastKnownFileType = sourcecode.swift; path = StatusManagerProtocol.swift; sourceTree = "<group>"; };
		A1000032 /* AccountManager.swift */ = {isa = PBXFileReference; lastKnownFileType = sourcecode.swift; path = AccountManager.swift; sourceTree = "<group>"; };
		A1000033 /* BandwidthManager.swift */ = {isa = PBXFileReference; lastKnownFileType = sourcecode.swift; path = BandwidthManager.swift; sourceTree = "<group>"; };
		A1000034 /* CloudAPIService.swift */ = {isa = PBXFileReference; lastKnownFileType = sourcecode.swift; path = CloudAPIService.swift; sourceTree = "<group>"; };
		A1000035 /* ConflictResolutionManager.swift */ = {isa = PBXFileReference; lastKnownFileType = sourcecode.swift; path = ConflictResolutionManager.swift; sourceTree = "<group>"; };
		A1000036 /* ConflictResolver.swift */ = {isa = PBXFileReference; lastKnownFileType = sourcecode.swift; path = ConflictResolver.swift; sourceTree = "<group>"; };
		A1000037 /* DiagnosticService.swift */ = {isa = PBXFileReference; lastKnownFileType = sourcecode.swift; path = DiagnosticService.swift; sourceTree = "<group>"; };
		A1000038 /* EncryptionService.swift */ = {isa = PBXFileReference; lastKnownFileType = sourcecode.swift; path = EncryptionService.swift; sourceTree = "<group>"; };
		A1000039 /* EnterprisePolicyEngine.swift */ = {isa = PBXFileReference; lastKnownFileType = sourcecode.swift; path = EnterprisePolicyEngine.swift; sourceTree = "<group>"; };
		A100003A /* ErrorRecoveryManager.swift */ = {isa = PBXFileReference; lastKnownFileType = sourcecode.swift; path = ErrorRecoveryManager.swift; sourceTree = "<group>"; };
		A100003B /* FileMonitor.swift */ = {isa = PBXFileReference; lastKnownFileType = sourcecode.swift; path = FileMonitor.swift; sourceTree = "<group>"; };
		A100003C /* FileSystemService.swift */ = {isa = PBXFileReference; lastKnownFileType = sourcecode.swift; path = FileSystemService.swift; sourceTree = "<group>"; };
		A100003D /* FinderIntegrationService.swift */ = {isa = PBXFileReference; lastKnownFileType = sourcecode.swift; path = FinderIntegrationService.swift; sourceTree = "<group>"; };
		A100003E /* NotificationService.swift */ = {isa = PBXFileReference; lastKnownFileType = sourcecode.swift; path = NotificationService.swift; sourceTree = "<group>"; };
		A100003F /* OfflineManager.swift */ = {isa = PBXFileReference; lastKnownFileType = sourcecode.swift; path = OfflineManager.swift; sourceTree = "<group>"; };
		A1000040 /* P2PTransferService.swift */ = {isa = PBXFileReference; lastKnownFileType = sourcecode.swift; path = P2PTransferService.swift; sourceTree = "<group>"; };
		A1000041 /* QuickLookService.swift */ = {isa = PBXFileReference; lastKnownFileType = sourcecode.swift; path = QuickLookService.swift; sourceTree = "<group>"; };
		A1000042 /* SelectiveSync.swift */ = {isa = PBXFileReference; lastKnownFileType = sourcecode.swift; path = SelectiveSync.swift; sourceTree = "<group>"; };
		A1000043 /* SpotlightService.swift */ = {isa = PBXFileReference; lastKnownFileType = sourcecode.swift; path = SpotlightService.swift; sourceTree = "<group>"; };
		A1000044 /* StatusManager.swift */ = {isa = PBXFileReference; lastKnownFileType = sourcecode.swift; path = StatusManager.swift; sourceTree = "<group>"; };
		A1000045 /* SyncClientIntegrator.swift */ = {isa = PBXFileReference; lastKnownFileType = sourcecode.swift; path = SyncClientIntegrator.swift; sourceTree = "<group>"; };
		A1000046 /* SyncEngine.swift */ = {isa = PBXFileReference; lastKnownFileType = sourcecode.swift; path = SyncEngine.swift; sourceTree = "<group>"; };
		A1000047 /* SystemIntegrationService.swift */ = {isa = PBXFileReference; lastKnownFileType = sourcecode.swift; path = SystemIntegrationService.swift; sourceTree = "<group>"; };
		A1000048 /* SystemTrayManager.swift */ = {isa = PBXFileReference; lastKnownFileType = sourcecode.swift; path = SystemTrayManager.swift; sourceTree = "<group>"; };
		A1000049 /* ActivityView.swift */ = {isa = PBXFileReference; lastKnownFileType = sourcecode.swift; path = ActivityView.swift; sourceTree = "<group>"; };
		A100004A /* ConflictView.swift */ = {isa = PBXFileReference; lastKnownFileType = sourcecode.swift; path = ConflictView.swift; sourceTree = "<group>"; };
		A100004B /* FileDetailView.swift */ = {isa = PBXFileReference; lastKnownFileType = sourcecode.swift; path = FileDetailView.swift; sourceTree = "<group>"; };
		A100004C /* FileListView.swift */ = {isa = PBXFileReference; lastKnownFileType = sourcecode.swift; path = FileListView.swift; sourceTree = "<group>"; };
		A100004D /* MainWindow.swift */ = {isa = PBXFileReference; lastKnownFileType = sourcecode.swift; path = MainWindow.swift; sourceTree = "<group>"; };
		A100004E /* SelectiveSyncView.swift */ = {isa = PBXFileReference; lastKnownFileType = sourcecode.swift; path = SelectiveSyncView.swift; sourceTree = "<group>"; };
		A100004F /* SelectiveSyncWindow.swift */ = {isa = PBXFileReference; lastKnownFileType = sourcecode.swift; path = SelectiveSyncWindow.swift; sourceTree = "<group>"; };
		A1000050 /* SettingsView.swift */ = {isa = PBXFileReference; lastKnownFileType = sourcecode.swift; path = SettingsView.swift; sourceTree = "<group>"; };
		A1000051 /* SidebarView.swift */ = {isa = PBXFileReference; lastKnownFileType = sourcecode.swift; path = SidebarView.swift; sourceTree = "<group>"; };
		A1000052 /* SyncStatusButton.swift */ = {isa = PBXFileReference; lastKnownFileType = sourcecode.swift; path = SyncStatusButton.swift; sourceTree = "<group>"; };
		A1000090 /* LoginView.swift */ = {isa = PBXFileReference; lastKnownFileType = sourcecode.swift; path = LoginView.swift; sourceTree = "<group>"; };
/* End PBXFileReference section */

/* Begin PBXFrameworksBuildPhase section */
		A0FFFFFC /* Frameworks */ = {
			isa = PBXFrameworksBuildPhase;
			buildActionMask = 2147483647;
			files = (
			);
			runOnlyForDeploymentPostprocessing = 0;
		};
/* End PBXFrameworksBuildPhase section */

/* Begin PBXGroup section */
		A0FFFFF6 = {
			isa = PBXGroup;
			children = (
				B0000001 /* MacOSSyncClient */,
				B0000000 /* Products */,
			);
			sourceTree = "<group>";
		};
		A1000006 /* Preview Content */ = {
			isa = PBXGroup;
			children = (
				A1000007 /* Preview Assets.xcassets */,
			);
			path = "Preview Content";
			sourceTree = "<group>";
		};
		A100000C /* Protocols */ = {
			isa = PBXGroup;
			children = (
				A1000024 /* AccountManagerProtocol.swift */,
				A1000025 /* BandwidthManagerProtocol.swift */,
				A1000026 /* CloudAPIServiceProtocol.swift */,
				A1000027 /* ConflictResolverProtocol.swift */,
				A1000028 /* EncryptionServiceProtocol.swift */,
				A1000029 /* ErrorRecoveryManagerProtocol.swift */,
				A100002A /* FileMonitorProtocol.swift */,
				A100002B /* FileSystemServiceProtocol.swift */,
				A100002C /* NotificationServiceProtocol.swift */,
				A100002D /* OfflineManagerProtocol.swift */,
				A100002E /* P2PTransferServiceProtocol.swift */,
				A100002F /* SelectiveSyncProtocol.swift */,
				A1000030 /* SpotlightServiceProtocol.swift */,
				A1000031 /* StatusManagerProtocol.swift */,
				A1000013 /* SyncEngineProtocol.swift */,
			);
			path = Protocols;
			sourceTree = "<group>";
		};
		A100000D /* Services */ = {
			isa = PBXGroup;
			children = (
				A1000032 /* AccountManager.swift */,
				A1000033 /* BandwidthManager.swift */,
				A1000034 /* CloudAPIService.swift */,
				A1000035 /* ConflictResolutionManager.swift */,
				A1000036 /* ConflictResolver.swift */,
				A1000037 /* DiagnosticService.swift */,
				A1000038 /* EncryptionService.swift */,
				A1000039 /* EnterprisePolicyEngine.swift */,
				A100003A /* ErrorRecoveryManager.swift */,
				A100003B /* FileMonitor.swift */,
				A100003C /* FileSystemService.swift */,
				A100003D /* FinderIntegrationService.swift */,
				A100003E /* NotificationService.swift */,
				A100003F /* OfflineManager.swift */,
				A1000040 /* P2PTransferService.swift */,
				A1000041 /* QuickLookService.swift */,
				A1000042 /* SelectiveSync.swift */,
				A1000043 /* SpotlightService.swift */,
				A1000044 /* StatusManager.swift */,
				A1000045 /* SyncClientIntegrator.swift */,
				A1000046 /* SyncEngine.swift */,
				A1000047 /* SystemIntegrationService.swift */,
				A1000048 /* SystemTrayManager.swift */,
				A1000015 /* LocalDBService.swift */,
			);
			path = Services;
			sourceTree = "<group>";
		};
		A100000E /* Models */ = {
			isa = PBXGroup;
			children = (
				A1000019 /* AccountModels.swift */,
				A100001A /* BandwidthModels.swift */,
				A100001B /* CloudModels.swift */,
				A100001C /* ConflictModels.swift */,
				A100001D /* DiagnosticModels.swift */,
				A100001E /* ErrorRecoveryModels.swift */,
				A100001F /* FileEvent.swift */,
				A1000020 /* P2PTransfer.swift */,
				A1000021 /* SelectiveSyncModels.swift */,
				A1000022 /* StatusModels.swift */,
				A1000023 /* TransferModels.swift */,
				A100000F /* SyncItem.swift */,
				A1000011 /* SyncConfiguration.swift */,
				A1000017 /* OfflineCache.swift */,
			);
			path = Models;
			sourceTree = "<group>";
		};
		B0000000 /* Products */ = {
			isa = PBXGroup;
			children = (
				A0FFFFFF /* MacOSSyncClient.app */,
			);
			name = Products;
			sourceTree = "<group>";
		};
		B0000001 /* MacOSSyncClient */ = {
			isa = PBXGroup;
			children = (
				A1000000 /* MacOSSyncClientApp.swift */,
				A1000002 /* ContentView.swift */,
				A100000E /* Models */,
				A100000D /* Services */,
				A100000C /* Protocols */,
				A1000053 /* Views */,
				A1000004 /* Assets.xcassets */,
				A1000009 /* MacOSSyncClient.entitlements */,
				A1000006 /* Preview Content */,
			);
			path = MacOSSyncClient;
			sourceTree = "<group>";
		};
		A1000053 /* Views */ = {
			isa = PBXGroup;
			children = (
				A1000049 /* ActivityView.swift */,
				A100004A /* ConflictView.swift */,
				A100004B /* FileDetailView.swift */,
				A100004C /* FileListView.swift */,
				A100004D /* MainWindow.swift */,
				A100004E /* SelectiveSyncView.swift */,
				A100004F /* SelectiveSyncWindow.swift */,
				A1000050 /* SettingsView.swift */,
				A1000051 /* SidebarView.swift */,
				A1000052 /* SyncStatusButton.swift */,
				A1000090 /* LoginView.swift */,
			);
			path = Views;
			sourceTree = "<group>";
		};
/* End PBXGroup section */

/* Begin PBXNativeTarget section */
		A0FFFFFE /* MacOSSyncClient */ = {
			isa = PBXNativeTarget;
			buildConfigurationList = A100000A /* Build configuration list for PBXNativeTarget "MacOSSyncClient" */;
			buildPhases = (
				A0FFFFFB /* Sources */,
				A0FFFFFC /* Frameworks */,
				A0FFFFFD /* Resources */,
			);
			buildRules = (
			);
			dependencies = (
			);
			name = MacOSSyncClient;
			packageProductDependencies = (
			);
			productName = MacOSSyncClient;
			productReference = A0FFFFFF /* MacOSSyncClient.app */;
			productType = "com.apple.product-type.application";
		};
/* End PBXNativeTarget section */

/* Begin PBXProject section */
		A0FFFFF7 /* Project object */ = {
			isa = PBXProject;
			attributes = {
				BuildIndependentTargetsInParallel = 1;
				LastSwiftUpdateCheck = 1500;
				LastUpgradeCheck = 2620;
				TargetAttributes = {
					A0FFFFFE = {
						CreatedOnToolsVersion = 15.0;
					};
				};
			};
			buildConfigurationList = A0FFFFFA /* Build configuration list for PBXProject "MacOSSyncClient" */;
			compatibilityVersion = "Xcode 14.0";
			developmentRegion = en;
			hasScannedForEncodings = 0;
			knownRegions = (
				en,
				Base,
			);
			mainGroup = A0FFFFF6;
			packageReferences = (
			);
			productRefGroup = B0000000 /* Products */;
			projectDirPath = "";
			projectRoot = "";
			targets = (
				A0FFFFFE /* MacOSSyncClient */,
			);
		};
/* End PBXProject section */

/* Begin PBXResourcesBuildPhase section */
		A0FFFFFD /* Resources */ = {
			isa = PBXResourcesBuildPhase;
			buildActionMask = 2147483647;
			files = (
				A1000008 /* Preview Assets.xcassets in Resources */,
				A1000005 /* Assets.xcassets in Resources */,
			);
			runOnlyForDeploymentPostprocessing = 0;
		};
/* End PBXResourcesBuildPhase section */

/* Begin PBXSourcesBuildPhase section */
		A0FFFFFB /* Sources */ = {
			isa = PBXSourcesBuildPhase;
			buildActionMask = 2147483647;
			files = (
				A1000091 /* LoginView.swift in Sources */,
				A1000054 /* AccountModels.swift in Sources */,
				A1000055 /* BandwidthModels.swift in Sources */,
				A1000056 /* CloudModels.swift in Sources */,
				A1000057 /* ConflictModels.swift in Sources */,
				A1000058 /* DiagnosticModels.swift in Sources */,
				A1000059 /* ErrorRecoveryModels.swift in Sources */,
				A100005A /* FileEvent.swift in Sources */,
				A100005B /* P2PTransfer.swift in Sources */,
				A100005C /* SelectiveSyncModels.swift in Sources */,
				A100005D /* StatusModels.swift in Sources */,
				A100005E /* TransferModels.swift in Sources */,
				A100005F /* AccountManagerProtocol.swift in Sources */,
				A1000060 /* BandwidthManagerProtocol.swift in Sources */,
				A1000061 /* CloudAPIServiceProtocol.swift in Sources */,
				A1000062 /* ConflictResolverProtocol.swift in Sources */,
				A1000063 /* EncryptionServiceProtocol.swift in Sources */,
				A1000064 /* ErrorRecoveryManagerProtocol.swift in Sources */,
				A1000065 /* FileMonitorProtocol.swift in Sources */,
				A1000066 /* FileSystemServiceProtocol.swift in Sources */,
				A1000067 /* NotificationServiceProtocol.swift in Sources */,
				A1000068 /* OfflineManagerProtocol.swift in Sources */,
				A1000069 /* P2PTransferServiceProtocol.swift in Sources */,
				A100006A /* SelectiveSyncProtocol.swift in Sources */,
				A100006B /* SpotlightServiceProtocol.swift in Sources */,
				A100006C /* StatusManagerProtocol.swift in Sources */,
				A100006D /* AccountManager.swift in Sources */,
				A100006E /* BandwidthManager.swift in Sources */,
				A100006F /* CloudAPIService.swift in Sources */,
				A1000070 /* ConflictResolutionManager.swift in Sources */,
				A1000071 /* ConflictResolver.swift in Sources */,
				A1000072 /* DiagnosticService.swift in Sources */,
				A1000073 /* EncryptionService.swift in Sources */,
				A1000074 /* EnterprisePolicyEngine.swift in Sources */,
				A1000075 /* ErrorRecoveryManager.swift in Sources */,
				A1000076 /* FileMonitor.swift in Sources */,
				A1000077 /* FileSystemService.swift in Sources */,
				A1000078 /* FinderIntegrationService.swift in Sources */,
				A1000079 /* NotificationService.swift in Sources */,
				A100007A /* OfflineManager.swift in Sources */,
				A100007B /* P2PTransferService.swift in Sources */,
				A100007C /* QuickLookService.swift in Sources */,
				A100007D /* SelectiveSync.swift in Sources */,
				A100007E /* SpotlightService.swift in Sources */,
				A100007F /* StatusManager.swift in Sources */,
				A1000080 /* SyncClientIntegrator.swift in Sources */,
				A1000081 /* SyncEngine.swift in Sources */,
				A1000082 /* SystemIntegrationService.swift in Sources */,
				A1000083 /* SystemTrayManager.swift in Sources */,
				A1000084 /* ActivityView.swift in Sources */,
				A1000085 /* ConflictView.swift in Sources */,
				A1000086 /* FileDetailView.swift in Sources */,
				A1000087 /* FileListView.swift in Sources */,
				A1000088 /* MainWindow.swift in Sources */,
				A1000089 /* SelectiveSyncView.swift in Sources */,
				A100008A /* SelectiveSyncWindow.swift in Sources */,
				A100008B /* SettingsView.swift in Sources */,
				A100008C /* SidebarView.swift in Sources */,
				A100008D /* SyncStatusButton.swift in Sources */,
				A1000003 /* ContentView.swift in Sources */,
				A1000010 /* SyncItem.swift in Sources */,
				A1000012 /* SyncConfiguration.swift in Sources */,
				A1000014 /* SyncEngineProtocol.swift in Sources */,
				A1000016 /* LocalDBService.swift in Sources */,
				A1000018 /* OfflineCache.swift in Sources */,
				A1000001 /* MacOSSyncClientApp.swift in Sources */,
			);
			runOnlyForDeploymentPostprocessing = 0;
		};
/* End PBXSourcesBuildPhase section */

/* Begin XCBuildConfiguration section */
		A100000B /* Debug */ = {
			isa = XCBuildConfiguration;
			buildSettings = {
				ALWAYS_SEARCH_USER_PATHS = NO;
				ASSETCATALOG_COMPILER_GENERATE_SWIFT_ASSET_SYMBOL_EXTENSIONS = YES;
				CLANG_ANALYZER_NONNULL = YES;
				CLANG_ANALYZER_NUMBER_OBJECT_CONVERSION = YES_AGGRESSIVE;
				CLANG_CXX_LANGUAGE_STANDARD = "gnu++20";
				CLANG_ENABLE_MODULES = YES;
				CLANG_ENABLE_OBJC_ARC = YES;
				CLANG_ENABLE_OBJC_WEAK = YES;
				CLANG_WARN_BLOCK_CAPTURE_AUTORELEASING = YES;
				CLANG_WARN_BOOL_CONVERSION = YES;
				CLANG_WARN_COMMA = YES;
				CLANG_WARN_CONSTANT_CONVERSION = YES;
				CLANG_WARN_DEPRECATED_OBJC_IMPLEMENTATIONS = YES;
				CLANG_WARN_DIRECT_OBJC_ISA_USAGE = YES_ERROR;
				CLANG_WARN_DOCUMENTATION_COMMENTS = YES;
				CLANG_WARN_EMPTY_BODY = YES;
				CLANG_WARN_ENUM_CONVERSION = YES;
				CLANG_WARN_INFINITE_RECURSION = YES;
				CLANG_WARN_INT_CONVERSION = YES;
				CLANG_WARN_NON_LITERAL_NULL_CONVERSION = YES;
				CLANG_WARN_OBJC_IMPLICIT_RETAIN_SELF = YES;
				CLANG_WARN_OBJC_LITERAL_CONVERSION = YES;
				CLANG_WARN_OBJC_ROOT_CLASS = YES_ERROR;
				CLANG_WARN_QUOTED_INCLUDE_IN_FRAMEWORK_HEADER = YES;
				CLANG_WARN_RANGE_LOOP_ANALYSIS = YES;
				CLANG_WARN_STRICT_PROTOTYPES = YES;
				CLANG_WARN_SUSPICIOUS_MOVE = YES;
				CLANG_WARN_UNGUARDED_AVAILABILITY = YES_AGGRESSIVE;
				CLANG_WARN_UNREACHABLE_CODE = YES;
				CLANG_WARN__DUPLICATE_METHOD_MATCH = YES;
				COPY_PHASE_STRIP = NO;
				DEAD_CODE_STRIPPING = YES;
				DEBUG_INFORMATION_FORMAT = dwarf;
				DEVELOPMENT_TEAM = YV34LN242Z;
				ENABLE_STRICT_OBJC_MSGSEND = YES;
				ENABLE_TESTABILITY = YES;
				ENABLE_USER_SCRIPT_SANDBOXING = YES;
				GCC_C_LANGUAGE_STANDARD = gnu17;
				GCC_DYNAMIC_NO_PIC = NO;
				GCC_NO_COMMON_BLOCKS = YES;
				GCC_OPTIMIZATION_LEVEL = 0;
				GCC_PREPROCESSOR_DEFINITIONS = (
					"DEBUG=1",
					"$(inherited)",
				);
				GCC_WARN_64_TO_32_BIT_CONVERSION = YES;
				GCC_WARN_ABOUT_RETURN_TYPE = YES_ERROR;
				GCC_WARN_UNDECLARED_SELECTOR = YES;
				GCC_WARN_UNINITIALIZED_AUTOS = YES_AGGRESSIVE;
				GCC_WARN_UNUSED_FUNCTION = YES;
				GCC_WARN_UNUSED_VARIABLE = YES;
				LOCALIZATION_PREFERS_STRING_CATALOGS = YES;
				MACOSX_DEPLOYMENT_TARGET = 13.0;
				MTL_ENABLE_DEBUG_INFO = INCLUDE_SOURCE;
				MTL_FAST_MATH = YES;
				ONLY_ACTIVE_ARCH = YES;
				SDKROOT = macosx;
				STRING_CATALOG_GENERATE_SYMBOLS = YES;
				SWIFT_ACTIVE_COMPILATION_CONDITIONS = "DEBUG $(inherited)";
				SWIFT_OPTIMIZATION_LEVEL = "-Onone";
			};
			name = Debug;
		};
		B10000C0 /* Release */ = {
			isa = XCBuildConfiguration;
			buildSettings = {
				ALWAYS_SEARCH_USER_PATHS = NO;
				ASSETCATALOG_COMPILER_GENERATE_SWIFT_ASSET_SYMBOL_EXTENSIONS = YES;
				CLANG_ANALYZER_NONNULL = YES;
				CLANG_ANALYZER_NUMBER_OBJECT_CONVERSION = YES_AGGRESSIVE;
				CLANG_CXX_LANGUAGE_STANDARD = "gnu++20";
				CLANG_ENABLE_MODULES = YES;
				CLANG_ENABLE_OBJC_ARC = YES;
				CLANG_ENABLE_OBJC_WEAK = YES;
				CLANG_WARN_BLOCK_CAPTURE_AUTORELEASING = YES;
				CLANG_WARN_BOOL_CONVERSION = YES;
				CLANG_WARN_COMMA = YES;
				CLANG_WARN_CONSTANT_CONVERSION = YES;
				CLANG_WARN_DEPRECATED_OBJC_IMPLEMENTATIONS = YES;
				CLANG_WARN_DIRECT_OBJC_ISA_USAGE = YES_ERROR;
				CLANG_WARN_DOCUMENTATION_COMMENTS = YES;
				CLANG_WARN_EMPTY_BODY = YES;
				CLANG_WARN_ENUM_CONVERSION = YES;
				CLANG_WARN_INFINITE_RECURSION = YES;
				CLANG_WARN_INT_CONVERSION = YES;
				CLANG_WARN_NON_LITERAL_NULL_CONVERSION = YES;
				CLANG_WARN_OBJC_IMPLICIT_RETAIN_SELF = YES;
				CLANG_WARN_OBJC_LITERAL_CONVERSION = YES;
				CLANG_WARN_OBJC_ROOT_CLASS = YES_ERROR;
				CLANG_WARN_QUOTED_INCLUDE_IN_FRAMEWORK_HEADER = YES;
				CLANG_WARN_RANGE_LOOP_ANALYSIS = YES;
				CLANG_WARN_STRICT_PROTOTYPES = YES;
				CLANG_WARN_SUSPICIOUS_MOVE = YES;
				CLANG_WARN_UNGUARDED_AVAILABILITY = YES_AGGRESSIVE;
				CLANG_WARN_UNREACHABLE_CODE = YES;
				CLANG_WARN__DUPLICATE_METHOD_MATCH = YES;
				COPY_PHASE_STRIP = NO;
				DEAD_CODE_STRIPPING = YES;
				DEBUG_INFORMATION_FORMAT = "dwarf-with-dsym";
				DEVELOPMENT_TEAM = YV34LN242Z;
				ENABLE_NS_ASSERTIONS = NO;
				ENABLE_STRICT_OBJC_MSGSEND = YES;
				ENABLE_USER_SCRIPT_SANDBOXING = YES;
				GCC_C_LANGUAGE_STANDARD = gnu17;
				GCC_NO_COMMON_BLOCKS = YES;
				GCC_WARN_64_TO_32_BIT_CONVERSION = YES;
				GCC_WARN_ABOUT_RETURN_TYPE = YES_ERROR;
				GCC_WARN_UNDECLARED_SELECTOR = YES;
				GCC_WARN_UNINITIALIZED_AUTOS = YES_AGGRESSIVE;
				GCC_WARN_UNUSED_FUNCTION = YES;
				GCC_WARN_UNUSED_VARIABLE = YES;
				LOCALIZATION_PREFERS_STRING_CATALOGS = YES;
				MACOSX_DEPLOYMENT_TARGET = 13.0;
				MTL_ENABLE_DEBUG_INFO = NO;
				MTL_FAST_MATH = YES;
				SDKROOT = macosx;
				STRING_CATALOG_GENERATE_SYMBOLS = YES;
				SWIFT_COMPILATION_MODE = wholemodule;
			};
			name = Release;
		};
		B10000E0 /* Debug */ = {
			isa = XCBuildConfiguration;
			buildSettings = {
				ASSETCATALOG_COMPILER_APPICON_NAME = AppIcon;
				ASSETCATALOG_COMPILER_GLOBAL_ACCENT_COLOR_NAME = AccentColor;
				CODE_SIGN_ENTITLEMENTS = MacOSSyncClient/MacOSSyncClient.entitlements;
				CODE_SIGN_STYLE = Automatic;
				COMBINE_HIDPI_IMAGES = YES;
				CURRENT_PROJECT_VERSION = 1;
				DEAD_CODE_STRIPPING = YES;
				DEVELOPMENT_ASSET_PATHS = "\"MacOSSyncClient/Preview Content\"";
				ENABLE_APP_SANDBOX = YES;
				ENABLE_FILE_ACCESS_DOWNLOADS_FOLDER = readwrite;
				ENABLE_OUTGOING_NETWORK_CONNECTIONS = YES;
				ENABLE_PREVIEWS = YES;
				ENABLE_USER_SELECTED_FILES = readwrite;
				GENERATE_INFOPLIST_FILE = YES;
				INFOPLIST_KEY_NSHumanReadableCopyright = "";
				LD_RUNPATH_SEARCH_PATHS = (
					"$(inherited)",
					"@executable_path/../Frameworks",
				);
				MARKETING_VERSION = 1.0;
				PRODUCT_BUNDLE_IDENTIFIER = com.fanshuyi.MacOSSyncClient;
				PRODUCT_NAME = "$(TARGET_NAME)";
				REGISTER_APP_GROUPS = YES;
				SWIFT_EMIT_LOC_STRINGS = YES;
				SWIFT_VERSION = 5.0;
			};
			name = Debug;
		};
		B10000F0 /* Release */ = {
			isa = XCBuildConfiguration;
			buildSettings = {
				ASSETCATALOG_COMPILER_APPICON_NAME = AppIcon;
				ASSETCATALOG_COMPILER_GLOBAL_ACCENT_COLOR_NAME = AccentColor;
				CODE_SIGN_ENTITLEMENTS = MacOSSyncClient/MacOSSyncClient.entitlements;
				CODE_SIGN_STYLE = Automatic;
				COMBINE_HIDPI_IMAGES = YES;
				CURRENT_PROJECT_VERSION = 1;
				DEAD_CODE_STRIPPING = YES;
				DEVELOPMENT_ASSET_PATHS = "\"MacOSSyncClient/Preview Content\"";
				ENABLE_APP_SANDBOX = YES;
				ENABLE_FILE_ACCESS_DOWNLOADS_FOLDER = readwrite;
				ENABLE_OUTGOING_NETWORK_CONNECTIONS = YES;
				ENABLE_PREVIEWS = YES;
				ENABLE_USER_SELECTED_FILES = readwrite;
				GENERATE_INFOPLIST_FILE = YES;
				INFOPLIST_KEY_NSHumanReadableCopyright = "";
				LD_RUNPATH_SEARCH_PATHS = (
					"$(inherited)",
					"@executable_path/../Frameworks",
				);
				MARKETING_VERSION = 1.0;
				PRODUCT_BUNDLE_IDENTIFIER = com.fanshuyi.MacOSSyncClient;
				PRODUCT_NAME = "$(TARGET_NAME)";
				REGISTER_APP_GROUPS = YES;
				SWIFT_EMIT_LOC_STRINGS = YES;
				SWIFT_VERSION = 5.0;
			};
			name = Release;
		};
/* End XCBuildConfiguration section */

/* Begin XCConfigurationList section */
		A0FFFFFA /* Build configuration list for PBXProject "MacOSSyncClient" */ = {
			isa = XCConfigurationList;
			buildConfigurations = (
				A100000B /* Debug */,
				B10000C0 /* Release */,
			);
			defaultConfigurationIsVisible = 0;
			defaultConfigurationName = Release;
		};
		A100000A /* Build configuration list for PBXNativeTarget "MacOSSyncClient" */ = {
			isa = XCConfigurationList;
			buildConfigurations = (
				B10000E0 /* Debug */,
				B10000F0 /* Release */,
			);
			defaultConfigurationIsVisible = 0;
			defaultConfigurationName = Release;
		};
/* End XCConfigurationList section */
	};
	rootObject = A0FFFFF7 /* Project object */;
}
