{
  "name": "temp_weui",
  "lockfileVersion": 3,
  "requires": true,
  "packages": {
    "": {
      "dependencies": {
        "weui-wxss": "^2.6.25"
      }
    },
    "node_modules/weui-wxss": {
      "version": "2.6.25",
      "resolved": "https://registry.npmjs.org/weui-wxss/-/weui-wxss-2.6.25.tgz",
      "integrity": "sha512-zr6biAxv18I1TmMBuEHzbsgHScVSaNoe2IkDPLfbTJW3GC9h0q83E2lD4NyuRQTcy6rlvT4IqPi0swnzJ14vlg==",
      "license": "MIT"
    }
  }
}
