{
  "pins" : [
    {
      "identity" : "chalk",
      "kind" : "remoteSourceControl",
      "location" : "https://github.com/mxcl/Chalk.git",
      "state" : {
        "revision" : "a7f58e47a08ca5a84f73acc4bcf6c2c19d990609",
        "version" : "0.5.0"
      }
    },
    {
      "identity" : "filecheck",
      "kind" : "remoteSourceControl",
      "location" : "https://github.com/llvm-swift/FileCheck.git",
      "state" : {
        "revision" : "f7c5f1a9479b33a876a6f5632ca2b92a7ce4b667",
        "version" : "0.2.6"
      }
    },
    {
      "identity" : "sqlite.swift",
      "kind" : "remoteSourceControl",
      "location" : "https://github.com/stephencelis/SQLite.swift.git",
      "state" : {
        "revision" : "392dd6058624d9f6c5b4c769d165ddd8c7293394",
        "version" : "0.15.4"
      }
    },
    {
      "identity" : "swift-argument-parser",
      "kind" : "remoteSourceControl",
      "location" : "https://github.com/apple/swift-argument-parser",
      "state" : {
        "revision" : "c5d11a805e765f52ba34ec7284bd4fcd6ba68615",
        "version" : "1.7.0"
      }
    },
    {
      "identity" : "swift-toolchain-sqlite",
      "kind" : "remoteSourceControl",
      "location" : "https://github.com/swiftlang/swift-toolchain-sqlite",
      "state" : {
        "revision" : "b626d3002773b1a1304166643e7f118f724b2132",
        "version" : "1.0.4"
      }
    },
    {
      "identity" : "swiftcheck",
      "kind" : "remoteSourceControl",
      "location" : "https://github.com/typelift/SwiftCheck.git",
      "state" : {
        "revision" : "077c096c3ddfc38db223ac8e525ad16ffb987138",
        "version" : "0.12.0"
      }
    }
  ],
  "version" : 2
}
